
Microsoft Visual Studio Solution File, Format Version 12.00
# Visual Studio Version 16
VisualStudioVersion = 16.0.31313.79
MinimumVisualStudioVersion = 10.0.40219.1
Project("{FAE04EC0-301F-11D3-BF4B-00C04F79EFBC}") = "BuilderGameCore", "BuilderGameCore\BuilderGameCore.csproj", "{F61F1609-8962-4B81-AC20-AA0790FAD116}"
EndProject
Global
	GlobalSection(SolutionConfigurationPlatforms) = preSolution
		Debug|Any CPU = Debug|Any CPU
		Release|Any CPU = Release|Any CPU
	EndGlobalSection
	GlobalSection(ProjectConfigurationPlatforms) = postSolution
		{F61F1609-8962-4B81-AC20-AA0790FAD116}.Debug|Any CPU.ActiveCfg = Debug|Any CPU
		{F61F1609-8962-4B81-AC20-AA0790FAD116}.Debug|Any CPU.Build.0 = Debug|Any CPU
		{F61F1609-8962-4B81-AC20-AA0790FAD116}.Release|Any CPU.ActiveCfg = Release|Any CPU
		{F61F1609-8962-4B81-AC20-AA0790FAD116}.Release|Any CPU.Build.0 = Release|Any CPU
	EndGlobalSection
	GlobalSection(SolutionProperties) = preSolution
		HideSolutionNode = FALSE
	EndGlobalSection
	GlobalSection(ExtensibilityGlobals) = postSolution
		SolutionGuid = {23EF2BAF-38DD-46FE-9492-F57693926981}
	EndGlobalSection
EndGlobal
